{
  "requires": true,
  "lockfileVersion": 1,
  "dependencies": {
    "vanilla-tilt": {
      "version": "1.7.0",
      "resolved": "https://registry.npmjs.org/vanilla-tilt/-/vanilla-tilt-1.7.0.tgz",
      "integrity": "sha512-u9yUhpSasFeqQCuiTon+RSb0aHzcj9stvWVXQIswzKL5oG491lkYk7U1GmhOAEZt7yPT6EiYZRJhIh2MFBncOA=="
    }
  }
}
